// !$*UTF8*$!
{
	archiveVersion = 1;
	classes = {
	};
	objectVersion = 50;
	objects = {

/* Begin PBXBuildFile section */
		49A371CC21E5CB6A00918BB5 /* AppDelegate.swift in Sources */ = {isa = PBXBuildFile; fileRef = 49A371CB21E5CB6A00918BB5 /* AppDelegate.swift */; };
		49A371CE21E5CB6A00918BB5 /* ViewController.swift in Sources */ = {isa = PBXBuildFile; fileRef = 49A371CD21E5CB6A00918BB5 /* ViewController.swift */; };
		49A371D121E5CB6A00918BB5 /* Main.storyboard in Resources */ = {isa = PBXBuildFile; fileRef = 49A371CF21E5CB6A00918BB5 /* Main.storyboard */; };
		49A371D321E5CB6C00918BB5 /* Assets.xcassets in Resources */ = {isa = PBXBuildFile; fileRef = 49A371D221E5CB6C00918BB5 /* Assets.xcassets */; };
		49A371D621E5CB6C00918BB5 /* LaunchScreen.storyboard in Resources */ = {isa = PBXBuildFile; fileRef = 49A371D421E5CB6C00918BB5 /* LaunchScreen.storyboard */; };
		49A371E121E5CB6D00918BB5 /* HelloTests.swift in Sources */ = {isa = PBXBuildFile; fileRef = 49A371E021E5CB6D00918BB5 /* HelloTests.swift */; };
		49A371EC21E5CB6D00918BB5 /* HelloUITests.swift in Sources */ = {isa = PBXBuildFile; fileRef = 49A371EB21E5CB6D00918BB5 /* HelloUITests.swift */; };
/* End PBXBuildFile section */

/* Begin PBXContainerItemProxy section */
		49A371DD21E5CB6D00918BB5 /* PBXContainerItemProxy */ = {
			isa = PBXContainerItemProxy;
			containerPortal = 49A371C021E5CB6A00918BB5 /* Project object */;
			proxyType = 1;
			remoteGlobalIDString = 49A371C721E5CB6A00918BB5;
			remoteInfo = Hello;
		};
		49A371E821E5CB6D00918BB5 /* PBXContainerItemProxy */ = {
			isa = PBXContainerItemProxy;
			containerPortal = 49A371C021E5CB6A00918BB5 /* Project object */;
			proxyType = 1;
			remoteGlobalIDString = 49A371C721E5CB6A00918BB5;
			remoteInfo = Hello;
		};
/* End PBXContainerItemProxy section */

/* Begin PBXFileReference section */
		49A371C821E5CB6A00918BB5 /* Hello.app */ = {isa = PBXFileReference; explicitFileType = wrapper.application; includeInIndex = 0; path = Hello.app; sourceTree = BUILT_PRODUCTS_DIR; };
		49A371CB21E5CB6A00918BB5 /* AppDelegate.swift */ = {isa = PBXFileReference; lastKnownFileType = sourcecode.swift; path = AppDelegate.swift; sourceTree = "<group>"; };
		49A371CD21E5CB6A00918BB5 /* ViewController.swift */ = {isa = PBXFileReference; lastKnownFileType = sourcecode.swift; path = ViewController.swift; sourceTree = "<group>"; };
		49A371D021E5CB6A00918BB5 /* Base */ = {isa = PBXFileReference; lastKnownFileType = file.storyboard; name = Base; path = Base.lproj/Main.storyboard; sourceTree = "<group>"; };
		49A371D221E5CB6C00918BB5 /* Assets.xcassets */ = {isa = PBXFileReference; lastKnownFileType = folder.assetcatalog; path = Assets.xcassets; sourceTree = "<group>"; };
		49A371D521E5CB6C00918BB5 /* Base */ = {isa = PBXFileReference; lastKnownFileType = file.storyboard; name = Base; path = Base.lproj/LaunchScreen.storyboard; sourceTree = "<group>"; };
		49A371D721E5CB6C00918BB5 /* Info.plist */ = {isa = PBXFileReference; lastKnownFileType = text.plist.xml; path = Info.plist; sourceTree = "<group>"; };
		49A371DC21E5CB6D00918BB5 /* HelloTests.xctest */ = {isa = PBXFileReference; explicitFileType = wrapper.cfbundle; includeInIndex = 0; path = HelloTests.xctest; sourceTree = BUILT_PRODUCTS_DIR; };
		49A371E021E5CB6D00918BB5 /* HelloTests.swift */ = {isa = PBXFileReference; lastKnownFileType = sourcecode.swift; path = HelloTests.swift; sourceTree = "<group>"; };
		49A371E221E5CB6D00918BB5 /* Info.plist */ = {isa = PBXFileReference; lastKnownFileType = text.plist.xml; path = Info.plist; sourceTree = "<group>"; };
		49A371E721E5CB6D00918BB5 /* HelloUITests.xctest */ = {isa = PBXFileReference; explicitFileType = wrapper.cfbundle; includeInIndex = 0; path = HelloUITests.xctest; sourceTree = BUILT_PRODUCTS_DIR; };
		49A371EB21E5CB6D00918BB5 /* HelloUITests.swift */ = {isa = PBXFileReference; lastKnownFileType = sourcecode.swift; path = HelloUITests.swift; sourceTree = "<group>"; };
		49A371ED21E5CB6D00918BB5 /* Info.plist */ = {isa = PBXFileReference; lastKnownFileType = text.plist.xml; path = Info.plist; sourceTree = "<group>"; };
/* End PBXFileReference section */

/* Begin PBXFrameworksBuildPhase section */
		49A371C521E5CB6A00918BB5 /* Frameworks */ = {
			isa = PBXFrameworksBuildPhase;
			buildActionMask = 2147483647;
			files = (
			);
			runOnlyForDeploymentPostprocessing = 0;
		};
		49A371D921E5CB6D00918BB5 /* Frameworks */ = {
			isa = PBXFrameworksBuildPhase;
			buildActionMask = 2147483647;
			files = (
			);
			runOnlyForDeploymentPostprocessing = 0;
		};
		49A371E421E5CB6D00918BB5 /* Frameworks */ = {
			isa = PBXFrameworksBuildPhase;
			buildActionMask = 2147483647;
			files = (
			);
			runOnlyForDeploymentPostprocessing = 0;
		};
/* End PBXFrameworksBuildPhase section */

/* Begin PBXGroup section */
		49A371BF21E5CB6A00918BB5 = {
			isa = PBXGroup;
			children = (
				49A371CA21E5CB6A00918BB5 /* Hello */,
				49A371DF21E5CB6D00918BB5 /* HelloTests */,
				49A371EA21E5CB6D00918BB5 /* HelloUITests */,
				49A371C921E5CB6A00918BB5 /* Products */,
			);
			sourceTree = "<group>";
		};
		49A371C921E5CB6A00918BB5 /* Products */ = {
			isa = PBXGroup;
			children = (
				49A371C821E5CB6A00918BB5 /* Hello.app */,
				49A371DC21E5CB6D00918BB5 /* HelloTests.xctest */,
				49A371E721E5CB6D00918BB5 /* HelloUITests.xctest */,
			);
			name = Products;
			sourceTree = "<group>";
		};
		49A371CA21E5CB6A00918BB5 /* Hello */ = {
			isa = PBXGroup;
			children = (
				49A371CB21E5CB6A00918BB5 /* AppDelegate.swift */,
				49A371CD21E5CB6A00918BB5 /* ViewController.swift */,
				49A371CF21E5CB6A00918BB5 /* Main.storyboard */,
				49A371D221E5CB6C00918BB5 /* Assets.xcassets */,
				49A371D421E5CB6C00918BB5 /* LaunchScreen.storyboard */,
				49A371D721E5CB6C00918BB5 /* Info.plist */,
			);
			path = Hello;
			sourceTree = "<group>";
		};
		49A371DF21E5CB6D00918BB5 /* HelloTests */ = {
			isa = PBXGroup;
			children = (
				49A371E021E5CB6D00918BB5 /* HelloTests.swift */,
				49A371E221E5CB6D00918BB5 /* Info.plist */,
			);
			path = HelloTests;
			sourceTree = "<group>";
		};
		49A371EA21E5CB6D00918BB5 /* HelloUITests */ = {
			isa = PBXGroup;
			children = (
				49A371EB21E5CB6D00918BB5 /* HelloUITests.swift */,
				49A371ED21E5CB6D00918BB5 /* Info.plist */,
			);
			path = HelloUITests;
			sourceTree = "<group>";
		};
/* End PBXGroup section */

/* Begin PBXNativeTarget section */
		49A371C721E5CB6A00918BB5 /* Hello */ = {
			isa = PBXNativeTarget;
			buildConfigurationList = 49A371F021E5CB6D00918BB5 /* Build configuration list for PBXNativeTarget "Hello" */;
			buildPhases = (
				49A371C421E5CB6A00918BB5 /* Sources */,
				49A371C521E5CB6A00918BB5 /* Frameworks */,
				49A371C621E5CB6A00918BB5 /* Resources */,
			);
			buildRules = (
			);
			dependencies = (
			);
			name = Hello;
			productName = Hello;
			productReference = 49A371C821E5CB6A00918BB5 /* Hello.app */;
			productType = "com.apple.product-type.application";
		};
		49A371DB21E5CB6D00918BB5 /* HelloTests */ = {
			isa = PBXNativeTarget;
			buildConfigurationList = 49A371F321E5CB6D00918BB5 /* Build configuration list for PBXNativeTarget "HelloTests" */;
			buildPhases = (
				49A371D821E5CB6D00918BB5 /* Sources */,
				49A371D921E5CB6D00918BB5 /* Frameworks */,
				49A371DA21E5CB6D00918BB5 /* Resources */,
			);
			buildRules = (
			);
			dependencies = (
				49A371DE21E5CB6D00918BB5 /* PBXTargetDependency */,
			);
			name = HelloTests;
			productName = HelloTests;
			productReference = 49A371DC21E5CB6D00918BB5 /* HelloTests.xctest */;
			productType = "com.apple.product-type.bundle.unit-test";
		};
		49A371E621E5CB6D00918BB5 /* HelloUITests */ = {
			isa = PBXNativeTarget;
			buildConfigurationList = 49A371F621E5CB6D00918BB5 /* Build configuration list for PBXNativeTarget "HelloUITests" */;
			buildPhases = (
				49A371E321E5CB6D00918BB5 /* Sources */,
				49A371E421E5CB6D00918BB5 /* Frameworks */,
				49A371E521E5CB6D00918BB5 /* Resources */,
			);
			buildRules = (
			);
			dependencies = (
				49A371E921E5CB6D00918BB5 /* PBXTargetDependency */,
			);
			name = HelloUITests;
			productName = HelloUITests;
			productReference = 49A371E721E5CB6D00918BB5 /* HelloUITests.xctest */;
			productType = "com.apple.product-type.bundle.ui-testing";
		};
/* End PBXNativeTarget section */

/* Begin PBXProject section */
		49A371C021E5CB6A00918BB5 /* Project object */ = {
			isa = PBXProject;
			attributes = {
				LastSwiftUpdateCheck = 1010;
				LastUpgradeCheck = 1010;
				ORGANIZATIONNAME = "Conner Gillette";
				TargetAttributes = {
					49A371C721E5CB6A00918BB5 = {
						CreatedOnToolsVersion = 10.1;
					};
					49A371DB21E5CB6D00918BB5 = {
						CreatedOnToolsVersion = 10.1;
						TestTargetID = 49A371C721E5CB6A00918BB5;
					};
					49A371E621E5CB6D00918BB5 = {
						CreatedOnToolsVersion = 10.1;
						TestTargetID = 49A371C721E5CB6A00918BB5;
					};
				};
			};
			buildConfigurationList = 49A371C321E5CB6A00918BB5 /* Build configuration list for PBXProject "Hello" */;
			compatibilityVersion = "Xcode 9.3";
			developmentRegion = en;
			hasScannedForEncodings = 0;
			knownRegions = (
				en,
				Base,
			);
			mainGroup = 49A371BF21E5CB6A00918BB5;
			productRefGroup = 49A371C921E5CB6A00918BB5 /* Products */;
			projectDirPath = "";
			projectRoot = "";
			targets = (
				49A371C721E5CB6A00918BB5 /* Hello */,
				49A371DB21E5CB6D00918BB5 /* HelloTests */,
				49A371E621E5CB6D00918BB5 /* HelloUITests */,
			);
		};
/* End PBXProject section */

/* Begin PBXResourcesBuildPhase section */
		49A371C621E5CB6A00918BB5 /* Resources */ = {
			isa = PBXResourcesBuildPhase;
			buildActionMask = 2147483647;
			files = (
				49A371D621E5CB6C00918BB5 /* LaunchScreen.storyboard in Resources */,
				49A371D321E5CB6C00918BB5 /* Assets.xcassets in Resources */,
				49A371D121E5CB6A00918BB5 /* Main.storyboard in Resources */,
			);
			runOnlyForDeploymentPostprocessing = 0;
		};
		49A371DA21E5CB6D00918BB5 /* Resources */ = {
			isa = PBXResourcesBuildPhase;
			buildActionMask = 2147483647;
			files = (
			);
			runOnlyForDeploymentPostprocessing = 0;
		};
		49A371E521E5CB6D00918BB5 /* Resources */ = {
			isa = PBXResourcesBuildPhase;
			buildActionMask = 2147483647;
			files = (
			);
			runOnlyForDeploymentPostprocessing = 0;
		};
/* End PBXResourcesBuildPhase section */

/* Begin PBXSourcesBuildPhase section */
		49A371C421E5CB6A00918BB5 /* Sources */ = {
			isa = PBXSourcesBuildPhase;
			buildActionMask = 2147483647;
			files = (
				49A371CE21E5CB6A00918BB5 /* ViewController.swift in Sources */,
				49A371CC21E5CB6A00918BB5 /* AppDelegate.swift in Sources */,
			);
			runOnlyForDeploymentPostprocessing = 0;
		};
		49A371D821E5CB6D00918BB5 /* Sources */ = {
			isa = PBXSourcesBuildPhase;
			buildActionMask = 2147483647;
			files = (
				49A371E121E5CB6D00918BB5 /* HelloTests.swift in Sources */,
			);
			runOnlyForDeploymentPostprocessing = 0;
		};
		49A371E321E5CB6D00918BB5 /* Sources */ = {
			isa = PBXSourcesBuildPhase;
			buildActionMask = 2147483647;
			files = (
				49A371EC21E5CB6D00918BB5 /* HelloUITests.swift in Sources */,
			);
			runOnlyForDeploymentPostprocessing = 0;
		};
/* End PBXSourcesBuildPhase section */

/* Begin PBXTargetDependency section */
		49A371DE21E5CB6D00918BB5 /* PBXTargetDependency */ = {
			isa = PBXTargetDependency;
			target = 49A371C721E5CB6A00918BB5 /* Hello */;
			targetProxy = 49A371DD21E5CB6D00918BB5 /* PBXContainerItemProxy */;
		};
		49A371E921E5CB6D00918BB5 /* PBXTargetDependency */ = {
			isa = PBXTargetDependency;
			target = 49A371C721E5CB6A00918BB5 /* Hello */;
			targetProxy = 49A371E821E5CB6D00918BB5 /* PBXContainerItemProxy */;
		};
/* End PBXTargetDependency section */

/* Begin PBXVariantGroup section */
		49A371CF21E5CB6A00918BB5 /* Main.storyboard */ = {
			isa = PBXVariantGroup;
			children = (
				49A371D021E5CB6A00918BB5 /* Base */,
			);
			name = Main.storyboard;
			sourceTree = "<group>";
		};
		49A371D421E5CB6C00918BB5 /* LaunchScreen.storyboard */ = {
			isa = PBXVariantGroup;
			children = (
				49A371D521E5CB6C00918BB5 /* Base */,
			);
			name = LaunchScreen.storyboard;
			sourceTree = "<group>";
		};
/* End PBXVariantGroup section */

/* Begin XCBuildConfiguration section */
		49A371EE21E5CB6D00918BB5 /* Debug */ = {
			isa = XCBuildConfiguration;
			buildSettings = {
				ALWAYS_SEARCH_USER_PATHS = NO;
				CLANG_ANALYZER_NONNULL = YES;
				CLANG_ANALYZER_NUMBER_OBJECT_CONVERSION = YES_AGGRESSIVE;
				CLANG_CXX_LANGUAGE_STANDARD = "gnu++14";
				CLANG_CXX_LIBRARY = "libc++";
				CLANG_ENABLE_MODULES = YES;
				CLANG_ENABLE_OBJC_ARC = YES;
				CLANG_ENABLE_OBJC_WEAK = YES;
				CLANG_WARN_BLOCK_CAPTURE_AUTORELEASING = YES;
				CLANG_WARN_BOOL_CONVERSION = YES;
				CLANG_WARN_COMMA = YES;
				CLANG_WARN_CONSTANT_CONVERSION = YES;
				CLANG_WARN_DEPRECATED_OBJC_IMPLEMENTATIONS = YES;
				CLANG_WARN_DIRECT_OBJC_ISA_USAGE = YES_ERROR;
				CLANG_WARN_DOCUMENTATION_COMMENTS = YES;
				CLANG_WARN_EMPTY_BODY = YES;
				CLANG_WARN_ENUM_CONVERSION = YES;
				CLANG_WARN_INFINITE_RECURSION = YES;
				CLANG_WARN_INT_CONVERSION = YES;
				CLANG_WARN_NON_LITERAL_NULL_CONVERSION = YES;
				CLANG_WARN_OBJC_IMPLICIT_RETAIN_SELF = YES;
				CLANG_WARN_OBJC_LITERAL_CONVERSION = YES;
				CLANG_WARN_OBJC_ROOT_CLASS = YES_ERROR;
				CLANG_WARN_RANGE_LOOP_ANALYSIS = YES;
				CLANG_WARN_STRICT_PROTOTYPES = YES;
				CLANG_WARN_SUSPICIOUS_MOVE = YES;
				CLANG_WARN_UNGUARDED_AVAILABILITY = YES_AGGRESSIVE;
				CLANG_WARN_UNREACHABLE_CODE = YES;
				CLANG_WARN__DUPLICATE_METHOD_MATCH = YES;
				CODE_SIGN_IDENTITY = "iPhone Developer";
				COPY_PHASE_STRIP = NO;
				DEBUG_INFORMATION_FORMAT = dwarf;
				ENABLE_STRICT_OBJC_MSGSEND = YES;
				ENABLE_TESTABILITY = YES;
				GCC_C_LANGUAGE_STANDARD = gnu11;
				GCC_DYNAMIC_NO_PIC = NO;
				GCC_NO_COMMON_BLOCKS = YES;
				GCC_OPTIMIZATION_LEVEL = 0;
				GCC_PREPROCESSOR_DEFINITIONS = (
					"DEBUG=1",
					"$(inherited)",
				);
				GCC_WARN_64_TO_32_BIT_CONVERSION = YES;
				GCC_WARN_ABOUT_RETURN_TYPE = YES_ERROR;
				GCC_WARN_UNDECLARED_SELECTOR = YES;
				GCC_WARN_UNINITIALIZED_AUTOS = YES_AGGRESSIVE;
				GCC_WARN_UNUSED_FUNCTION = YES;
				GCC_WARN_UNUSED_VARIABLE = YES;
				IPHONEOS_DEPLOYMENT_TARGET = 12.1;
				MTL_ENABLE_DEBUG_INFO = INCLUDE_SOURCE;
				MTL_FAST_MATH = YES;
				ONLY_ACTIVE_ARCH = YES;
				SDKROOT = iphoneos;
				SWIFT_ACTIVE_COMPILATION_CONDITIONS = DEBUG;
				SWIFT_OPTIMIZATION_LEVEL = "-Onone";
			};
			name = Debug;
		};
		49A371EF21E5CB6D00918BB5 /* Release */ = {
			isa = XCBuildConfiguration;
			buildSettings = {
				ALWAYS_SEARCH_USER_PATHS = NO;
				CLANG_ANALYZER_NONNULL = YES;
				CLANG_ANALYZER_NUMBER_OBJECT_CONVERSION = YES_AGGRESSIVE;
				CLANG_CXX_LANGUAGE_STANDARD = "gnu++14";
				CLANG_CXX_LIBRARY = "libc++";
				CLANG_ENABLE_MODULES = YES;
				CLANG_ENABLE_OBJC_ARC = YES;
				CLANG_ENABLE_OBJC_WEAK = YES;
				CLANG_WARN_BLOCK_CAPTURE_AUTORELEASING = YES;
				CLANG_WARN_BOOL_CONVERSION = YES;
				CLANG_WARN_COMMA = YES;
				CLANG_WARN_CONSTANT_CONVERSION = YES;
				CLANG_WARN_DEPRECATED_OBJC_IMPLEMENTATIONS = YES;
				CLANG_WARN_DIRECT_OBJC_ISA_USAGE = YES_ERROR;
				CLANG_WARN_DOCUMENTATION_COMMENTS = YES;
				CLANG_WARN_EMPTY_BODY = YES;
				CLANG_WARN_ENUM_CONVERSION = YES;
				CLANG_WARN_INFINITE_RECURSION = YES;
				CLANG_WARN_INT_CONVERSION = YES;
				CLANG_WARN_NON_LITERAL_NULL_CONVERSION = YES;
				CLANG_WARN_OBJC_IMPLICIT_RETAIN_SELF = YES;
				CLANG_WARN_OBJC_LITERAL_CONVERSION = YES;
				CLANG_WARN_OBJC_ROOT_CLASS = YES_ERROR;
				CLANG_WARN_RANGE_LOOP_ANALYSIS = YES;
				CLANG_WARN_STRICT_PROTOTYPES = YES;
				CLANG_WARN_SUSPICIOUS_MOVE = YES;
				CLANG_WARN_UNGUARDED_AVAILABILITY = YES_AGGRESSIVE;
				CLANG_WARN_UNREACHABLE_CODE = YES;
				CLANG_WARN__DUPLICATE_METHOD_MATCH = YES;
				CODE_SIGN_IDENTITY = "iPhone Developer";
				COPY_PHASE_STRIP = NO;
				DEBUG_INFORMATION_FORMAT = "dwarf-with-dsym";
				ENABLE_NS_ASSERTIONS = NO;
				ENABLE_STRICT_OBJC_MSGSEND = YES;
				GCC_C_LANGUAGE_STANDARD = gnu11;
				GCC_NO_COMMON_BLOCKS = YES;
				GCC_WARN_64_TO_32_BIT_CONVERSION = YES;
				GCC_WARN_ABOUT_RETURN_TYPE = YES_ERROR;
				GCC_WARN_UNDECLARED_SELECTOR = YES;
				GCC_WARN_UNINITIALIZED_AUTOS = YES_AGGRESSIVE;
				GCC_WARN_UNUSED_FUNCTION = YES;
				GCC_WARN_UNUSED_VARIABLE = YES;
				IPHONEOS_DEPLOYMENT_TARGET = 12.1;
				MTL_ENABLE_DEBUG_INFO = NO;
				MTL_FAST_MATH = YES;
				SDKROOT = iphoneos;
				SWIFT_COMPILATION_MODE = wholemodule;
				SWIFT_OPTIMIZATION_LEVEL = "-O";
				VALIDATE_PRODUCT = YES;
			};
			name = Release;
		};
		49A371F121E5CB6D00918BB5 /* Debug */ = {
			isa = XCBuildConfiguration;
			buildSettings = {
				ASSETCATALOG_COMPILER_APPICON_NAME = AppIcon;
				CODE_SIGN_STYLE = Automatic;
				INFOPLIST_FILE = Hello/Info.plist;
				LD_RUNPATH_SEARCH_PATHS = (
					"$(inherited)",
					"@executable_path/Frameworks",
				);
				PRODUCT_BUNDLE_IDENTIFIER = connergillette.Hello;
				PRODUCT_NAME = "$(TARGET_NAME)";
				SWIFT_VERSION = 4.2;
				TARGETED_DEVICE_FAMILY = "1,2";
			};
			name = Debug;
		};
		49A371F221E5CB6D00918BB5 /* Release */ = {
			isa = XCBuildConfiguration;
			buildSettings = {
				ASSETCATALOG_COMPILER_APPICON_NAME = AppIcon;
				CODE_SIGN_STYLE = Automatic;
				INFOPLIST_FILE = Hello/Info.plist;
				LD_RUNPATH_SEARCH_PATHS = (
					"$(inherited)",
					"@executable_path/Frameworks",
				);
				PRODUCT_BUNDLE_IDENTIFIER = connergillette.Hello;
				PRODUCT_NAME = "$(TARGET_NAME)";
				SWIFT_VERSION = 4.2;
				TARGETED_DEVICE_FAMILY = "1,2";
			};
			name = Release;
		};
		49A371F421E5CB6D00918BB5 /* Debug */ = {
			isa = XCBuildConfiguration;
			buildSettings = {
				ALWAYS_EMBED_SWIFT_STANDARD_LIBRARIES = YES;
				BUNDLE_LOADER = "$(TEST_HOST)";
				CODE_SIGN_STYLE = Automatic;
				INFOPLIST_FILE = HelloTests/Info.plist;
				LD_RUNPATH_SEARCH_PATHS = (
					"$(inherited)",
					"@executable_path/Frameworks",
					"@loader_path/Frameworks",
				);
				PRODUCT_BUNDLE_IDENTIFIER = connergillette.HelloTests;
				PRODUCT_NAME = "$(TARGET_NAME)";
				SWIFT_VERSION = 4.2;
				TARGETED_DEVICE_FAMILY = "1,2";
				TEST_HOST = "$(BUILT_PRODUCTS_DIR)/Hello.app/Hello";
			};
			name = Debug;
		};
		49A371F521E5CB6D00918BB5 /* Release */ = {
			isa = XCBuildConfiguration;
			buildSettings = {
				ALWAYS_EMBED_SWIFT_STANDARD_LIBRARIES = YES;
				BUNDLE_LOADER = "$(TEST_HOST)";
				CODE_SIGN_STYLE = Automatic;
				INFOPLIST_FILE = HelloTests/Info.plist;
				LD_RUNPATH_SEARCH_PATHS = (
					"$(inherited)",
					"@executable_path/Frameworks",
					"@loader_path/Frameworks",
				);
				PRODUCT_BUNDLE_IDENTIFIER = connergillette.HelloTests;
				PRODUCT_NAME = "$(TARGET_NAME)";
				SWIFT_VERSION = 4.2;
				TARGETED_DEVICE_FAMILY = "1,2";
				TEST_HOST = "$(BUILT_PRODUCTS_DIR)/Hello.app/Hello";
			};
			name = Release;
		};
		49A371F721E5CB6D00918BB5 /* Debug */ = {
			isa = XCBuildConfiguration;
			buildSettings = {
				ALWAYS_EMBED_SWIFT_STANDARD_LIBRARIES = YES;
				CODE_SIGN_STYLE = Automatic;
				INFOPLIST_FILE = HelloUITests/Info.plist;
				LD_RUNPATH_SEARCH_PATHS = (
					"$(inherited)",
					"@executable_path/Frameworks",
					"@loader_path/Frameworks",
				);
				PRODUCT_BUNDLE_IDENTIFIER = connergillette.HelloUITests;
				PRODUCT_NAME = "$(TARGET_NAME)";
				SWIFT_VERSION = 4.2;
				TARGETED_DEVICE_FAMILY = "1,2";
				TEST_TARGET_NAME = Hello;
			};
			name = Debug;
		};
		49A371F821E5CB6D00918BB5 /* Release */ = {
			isa = XCBuildConfiguration;
			buildSettings = {
				ALWAYS_EMBED_SWIFT_STANDARD_LIBRARIES = YES;
				CODE_SIGN_STYLE = Automatic;
				INFOPLIST_FILE = HelloUITests/Info.plist;
				LD_RUNPATH_SEARCH_PATHS = (
					"$(inherited)",
					"@executable_path/Frameworks",
					"@loader_path/Frameworks",
				);
				PRODUCT_BUNDLE_IDENTIFIER = connergillette.HelloUITests;
				PRODUCT_NAME = "$(TARGET_NAME)";
				SWIFT_VERSION = 4.2;
				TARGETED_DEVICE_FAMILY = "1,2";
				TEST_TARGET_NAME = Hello;
			};
			name = Release;
		};
/* End XCBuildConfiguration section */

/* Begin XCConfigurationList section */
		49A371C321E5CB6A00918BB5 /* Build configuration list for PBXProject "Hello" */ = {
			isa = XCConfigurationList;
			buildConfigurations = (
				49A371EE21E5CB6D00918BB5 /* Debug */,
				49A371EF21E5CB6D00918BB5 /* Release */,
			);
			defaultConfigurationIsVisible = 0;
			defaultConfigurationName = Release;
		};
		49A371F021E5CB6D00918BB5 /* Build configuration list for PBXNativeTarget "Hello" */ = {
			isa = XCConfigurationList;
			buildConfigurations = (
				49A371F121E5CB6D00918BB5 /* Debug */,
				49A371F221E5CB6D00918BB5 /* Release */,
			);
			defaultConfigurationIsVisible = 0;
			defaultConfigurationName = Release;
		};
		49A371F321E5CB6D00918BB5 /* Build configuration list for PBXNativeTarget "HelloTests" */ = {
			isa = XCConfigurationList;
			buildConfigurations = (
				49A371F421E5CB6D00918BB5 /* Debug */,
				49A371F521E5CB6D00918BB5 /* Release */,
			);
			defaultConfigurationIsVisible = 0;
			defaultConfigurationName = Release;
		};
		49A371F621E5CB6D00918BB5 /* Build configuration list for PBXNativeTarget "HelloUITests" */ = {
			isa = XCConfigurationList;
			buildConfigurations = (
				49A371F721E5CB6D00918BB5 /* Debug */,
				49A371F821E5CB6D00918BB5 /* Release */,
			);
			defaultConfigurationIsVisible = 0;
			defaultConfigurationName = Release;
		};
/* End XCConfigurationList section */
	};
	rootObject = 49A371C021E5CB6A00918BB5 /* Project object */;
}
